
Microsoft Visual Studio Solution File, Format Version 11.00
# Visual Studio 2010
Project("{F184B08F-C81C-45F6-A57F-5ABD9991F28F}") = "TugasOOADUyun", "TugasOOADUyun\TugasOOADUyun.vbproj", "{F33F3E24-C2F2-4649-8FC0-37B1A6338C36}"
EndProject
Global
	GlobalSection(SolutionConfigurationPlatforms) = preSolution
		Debug|x86 = Debug|x86
		Release|x86 = Release|x86
	EndGlobalSection
	GlobalSection(ProjectConfigurationPlatforms) = postSolution
		{F33F3E24-C2F2-4649-8FC0-37B1A6338C36}.Debug|x86.ActiveCfg = Debug|x86
		{F33F3E24-C2F2-4649-8FC0-37B1A6338C36}.Debug|x86.Build.0 = Debug|x86
		{F33F3E24-C2F2-4649-8FC0-37B1A6338C36}.Release|x86.ActiveCfg = Release|x86
		{F33F3E24-C2F2-4649-8FC0-37B1A6338C36}.Release|x86.Build.0 = Release|x86
	EndGlobalSection
	GlobalSection(SolutionProperties) = preSolution
		HideSolutionNode = FALSE
	EndGlobalSection
EndGlobal
